
Microsoft Visual Studio Solution File, Format Version 12.00
# Visual Studio 15
VisualStudioVersion = 15.0.27703.2018
MinimumVisualStudioVersion = 10.0.40219.1
Project("{FAE04EC0-301F-11D3-BF4B-00C04F79EFBC}") = "Budget", "Budget\Budget.csproj", "{DBD9B4DE-D5A2-4BE6-8F7A-DE48AA66B6F7}"
EndProject
Project("{FAE04EC0-301F-11D3-BF4B-00C04F79EFBC}") = "Budget.Bll", "Budget.Bll\Budget.Bll.csproj", "{B4C1F2B3-5D26-4D54-B262-AE0457623C2F}"
EndProject
Project("{FAE04EC0-301F-11D3-BF4B-00C04F79EFBC}") = "Budget.Dal", "Budget.Dal\Budget.Dal.csproj", "{269ED39A-55FA-4B1E-AD25-422827DDDE24}"
EndProject
Global
	GlobalSection(SolutionConfigurationPlatforms) = preSolution
		Debug|Any CPU = Debug|Any CPU
		Release|Any CPU = Release|Any CPU
	EndGlobalSection
	GlobalSection(ProjectConfigurationPlatforms) = postSolution
		{DBD9B4DE-D5A2-4BE6-8F7A-DE48AA66B6F7}.Debug|Any CPU.ActiveCfg = Debug|Any CPU
		{DBD9B4DE-D5A2-4BE6-8F7A-DE48AA66B6F7}.Debug|Any CPU.Build.0 = Debug|Any CPU
		{DBD9B4DE-D5A2-4BE6-8F7A-DE48AA66B6F7}.Release|Any CPU.ActiveCfg = Release|Any CPU
		{DBD9B4DE-D5A2-4BE6-8F7A-DE48AA66B6F7}.Release|Any CPU.Build.0 = Release|Any CPU
		{B4C1F2B3-5D26-4D54-B262-AE0457623C2F}.Debug|Any CPU.ActiveCfg = Debug|Any CPU
		{B4C1F2B3-5D26-4D54-B262-AE0457623C2F}.Debug|Any CPU.Build.0 = Debug|Any CPU
		{B4C1F2B3-5D26-4D54-B262-AE0457623C2F}.Release|Any CPU.ActiveCfg = Release|Any CPU
		{B4C1F2B3-5D26-4D54-B262-AE0457623C2F}.Release|Any CPU.Build.0 = Release|Any CPU
		{269ED39A-55FA-4B1E-AD25-422827DDDE24}.Debug|Any CPU.ActiveCfg = Debug|Any CPU
		{269ED39A-55FA-4B1E-AD25-422827DDDE24}.Debug|Any CPU.Build.0 = Debug|Any CPU
		{269ED39A-55FA-4B1E-AD25-422827DDDE24}.Release|Any CPU.ActiveCfg = Release|Any CPU
		{269ED39A-55FA-4B1E-AD25-422827DDDE24}.Release|Any CPU.Build.0 = Release|Any CPU
	EndGlobalSection
	GlobalSection(SolutionProperties) = preSolution
		HideSolutionNode = FALSE
	EndGlobalSection
	GlobalSection(ExtensibilityGlobals) = postSolution
		SolutionGuid = {063D484B-5D2E-47E1-8805-9E180D0DB40F}
	EndGlobalSection
EndGlobal
